
Microsoft Visual Studio Solution File, Format Version 12.00
# Visual Studio Version 17
VisualStudioVersion = 17.14.36109.1 d17.14
MinimumVisualStudioVersion = 10.0.40219.1
Project("{FAE04EC0-301F-11D3-BF4B-00C04F79EFBC}") = "BookShopAPI", "BookShopAPI.csproj", "{1F7F6F5E-E81F-4859-A5E6-5F20307AD32A}"
EndProject
Global
	GlobalSection(SolutionConfigurationPlatforms) = preSolution
		Debug|Any CPU = Debug|Any CPU
		Release|Any CPU = Release|Any CPU
	EndGlobalSection
	GlobalSection(ProjectConfigurationPlatforms) = postSolution
		{1F7F6F5E-E81F-4859-A5E6-5F20307AD32A}.Debug|Any CPU.ActiveCfg = Debug|Any CPU
		{1F7F6F5E-E81F-4859-A5E6-5F20307AD32A}.Debug|Any CPU.Build.0 = Debug|Any CPU
		{1F7F6F5E-E81F-4859-A5E6-5F20307AD32A}.Release|Any CPU.ActiveCfg = Release|Any CPU
		{1F7F6F5E-E81F-4859-A5E6-5F20307AD32A}.Release|Any CPU.Build.0 = Release|Any CPU
	EndGlobalSection
	GlobalSection(SolutionProperties) = preSolution
		HideSolutionNode = FALSE
	EndGlobalSection
	GlobalSection(ExtensibilityGlobals) = postSolution
		SolutionGuid = {C54773F4-1CC8-401C-A600-8D985A5D2838}
	EndGlobalSection
EndGlobal
